// !$*UTF8*$!
{
	archiveVersion = 1;
	classes = {
	};
	objectVersion = 50;
	objects = {

/* Begin PBXBuildFile section */
		3D2C7DD928B7BB3300059D3D /* AppDelegate.swift in Sources */ = {isa = PBXBuildFile; fileRef = 3D2C7DD828B7BB3300059D3D /* AppDelegate.swift */; };
		3D2C7DDB28B7BB3300059D3D /* ViewController.swift in Sources */ = {isa = PBXBuildFile; fileRef = 3D2C7DDA28B7BB3300059D3D /* ViewController.swift */; };
		3D2C7DDE28B7BB3400059D3D /* Main.storyboard in Resources */ = {isa = PBXBuildFile; fileRef = 3D2C7DDC28B7BB3400059D3D /* Main.storyboard */; };
		3D2C7DE028B7BB3B00059D3D /* Assets.xcassets in Resources */ = {isa = PBXBuildFile; fileRef = 3D2C7DDF28B7BB3B00059D3D /* Assets.xcassets */; };
		3D2C7DE328B7BB3B00059D3D /* LaunchScreen.storyboard in Resources */ = {isa = PBXBuildFile; fileRef = 3D2C7DE128B7BB3B00059D3D /* LaunchScreen.storyboard */; };
/* End PBXBuildFile section */

/* Begin PBXFileReference section */
		3D2C7DD528B7BB3300059D3D /* adaptaciones-pantalla.app */ = {isa = PBXFileReference; explicitFileType = wrapper.application; includeInIndex = 0; path = "adaptaciones-pantalla.app"; sourceTree = BUILT_PRODUCTS_DIR; };
		3D2C7DD828B7BB3300059D3D /* AppDelegate.swift */ = {isa = PBXFileReference; lastKnownFileType = sourcecode.swift; path = AppDelegate.swift; sourceTree = "<group>"; };
		3D2C7DDA28B7BB3300059D3D /* ViewController.swift */ = {isa = PBXFileReference; lastKnownFileType = sourcecode.swift; path = ViewController.swift; sourceTree = "<group>"; };
		3D2C7DDD28B7BB3400059D3D /* Base */ = {isa = PBXFileReference; lastKnownFileType = file.storyboard; name = Base; path = Base.lproj/Main.storyboard; sourceTree = "<group>"; };
		3D2C7DDF28B7BB3B00059D3D /* Assets.xcassets */ = {isa = PBXFileReference; lastKnownFileType = folder.assetcatalog; path = Assets.xcassets; sourceTree = "<group>"; };
		3D2C7DE228B7BB3B00059D3D /* Base */ = {isa = PBXFileReference; lastKnownFileType = file.storyboard; name = Base; path = Base.lproj/LaunchScreen.storyboard; sourceTree = "<group>"; };
		3D2C7DE428B7BB3B00059D3D /* Info.plist */ = {isa = PBXFileReference; lastKnownFileType = text.plist.xml; path = Info.plist; sourceTree = "<group>"; };
/* End PBXFileReference section */

/* Begin PBXFrameworksBuildPhase section */
		3D2C7DD228B7BB3300059D3D /* Frameworks */ = {
			isa = PBXFrameworksBuildPhase;
			buildActionMask = 2147483647;
			files = (
			);
			runOnlyForDeploymentPostprocessing = 0;
		};
/* End PBXFrameworksBuildPhase section */

/* Begin PBXGroup section */
		3D2C7DCC28B7BB3300059D3D = {
			isa = PBXGroup;
			children = (
				3D2C7DD728B7BB3300059D3D /* adaptaciones-pantalla */,
				3D2C7DD628B7BB3300059D3D /* Products */,
			);
			sourceTree = "<group>";
		};
		3D2C7DD628B7BB3300059D3D /* Products */ = {
			isa = PBXGroup;
			children = (
				3D2C7DD528B7BB3300059D3D /* adaptaciones-pantalla.app */,
			);
			name = Products;
			sourceTree = "<group>";
		};
		3D2C7DD728B7BB3300059D3D /* adaptaciones-pantalla */ = {
			isa = PBXGroup;
			children = (
				3D2C7DD828B7BB3300059D3D /* AppDelegate.swift */,
				3D2C7DDA28B7BB3300059D3D /* ViewController.swift */,
				3D2C7DDC28B7BB3400059D3D /* Main.storyboard */,
				3D2C7DDF28B7BB3B00059D3D /* Assets.xcassets */,
				3D2C7DE128B7BB3B00059D3D /* LaunchScreen.storyboard */,
				3D2C7DE428B7BB3B00059D3D /* Info.plist */,
			);
			path = "adaptaciones-pantalla";
			sourceTree = "<group>";
		};
/* End PBXGroup section */

/* Begin PBXNativeTarget section */
		3D2C7DD428B7BB3300059D3D /* adaptaciones-pantalla */ = {
			isa = PBXNativeTarget;
			buildConfigurationList = 3D2C7DE728B7BB3B00059D3D /* Build configuration list for PBXNativeTarget "adaptaciones-pantalla" */;
			buildPhases = (
				3D2C7DD128B7BB3300059D3D /* Sources */,
				3D2C7DD228B7BB3300059D3D /* Frameworks */,
				3D2C7DD328B7BB3300059D3D /* Resources */,
			);
			buildRules = (
			);
			dependencies = (
			);
			name = "adaptaciones-pantalla";
			productName = "adaptaciones-pantalla";
			productReference = 3D2C7DD528B7BB3300059D3D /* adaptaciones-pantalla.app */;
			productType = "com.apple.product-type.application";
		};
/* End PBXNativeTarget section */

/* Begin PBXProject section */
		3D2C7DCD28B7BB3300059D3D /* Project object */ = {
			isa = PBXProject;
			attributes = {
				LastSwiftUpdateCheck = 0940;
				LastUpgradeCheck = 0940;
				ORGANIZATIONNAME = ULSA;
				TargetAttributes = {
					3D2C7DD428B7BB3300059D3D = {
						CreatedOnToolsVersion = 9.4.1;
					};
				};
			};
			buildConfigurationList = 3D2C7DD028B7BB3300059D3D /* Build configuration list for PBXProject "adaptaciones-pantalla" */;
			compatibilityVersion = "Xcode 9.3";
			developmentRegion = en;
			hasScannedForEncodings = 0;
			knownRegions = (
				en,
				Base,
			);
			mainGroup = 3D2C7DCC28B7BB3300059D3D;
			productRefGroup = 3D2C7DD628B7BB3300059D3D /* Products */;
			projectDirPath = "";
			projectRoot = "";
			targets = (
				3D2C7DD428B7BB3300059D3D /* adaptaciones-pantalla */,
			);
		};
/* End PBXProject section */

/* Begin PBXResourcesBuildPhase section */
		3D2C7DD328B7BB3300059D3D /* Resources */ = {
			isa = PBXResourcesBuildPhase;
			buildActionMask = 2147483647;
			files = (
				3D2C7DE328B7BB3B00059D3D /* LaunchScreen.storyboard in Resources */,
				3D2C7DE028B7BB3B00059D3D /* Assets.xcassets in Resources */,
				3D2C7DDE28B7BB3400059D3D /* Main.storyboard in Resources */,
			);
			runOnlyForDeploymentPostprocessing = 0;
		};
/* End PBXResourcesBuildPhase section */

/* Begin PBXSourcesBuildPhase section */
		3D2C7DD128B7BB3300059D3D /* Sources */ = {
			isa = PBXSourcesBuildPhase;
			buildActionMask = 2147483647;
			files = (
				3D2C7DDB28B7BB3300059D3D /* ViewController.swift in Sources */,
				3D2C7DD928B7BB3300059D3D /* AppDelegate.swift in Sources */,
			);
			runOnlyForDeploymentPostprocessing = 0;
		};
/* End PBXSourcesBuildPhase section */

/* Begin PBXVariantGroup section */
		3D2C7DDC28B7BB3400059D3D /* Main.storyboard */ = {
			isa = PBXVariantGroup;
			children = (
				3D2C7DDD28B7BB3400059D3D /* Base */,
			);
			name = Main.storyboard;
			sourceTree = "<group>";
		};
		3D2C7DE128B7BB3B00059D3D /* LaunchScreen.storyboard */ = {
			isa = PBXVariantGroup;
			children = (
				3D2C7DE228B7BB3B00059D3D /* Base */,
			);
			name = LaunchScreen.storyboard;
			sourceTree = "<group>";
		};
/* End PBXVariantGroup section */

/* Begin XCBuildConfiguration section */
		3D2C7DE528B7BB3B00059D3D /* Debug */ = {
			isa = XCBuildConfiguration;
			buildSettings = {
				ALWAYS_SEARCH_USER_PATHS = NO;
				CLANG_ANALYZER_NONNULL = YES;
				CLANG_ANALYZER_NUMBER_OBJECT_CONVERSION = YES_AGGRESSIVE;
				CLANG_CXX_LANGUAGE_STANDARD = "gnu++14";
				CLANG_CXX_LIBRARY = "libc++";
				CLANG_ENABLE_MODULES = YES;
				CLANG_ENABLE_OBJC_ARC = YES;
				CLANG_ENABLE_OBJC_WEAK = YES;
				CLANG_WARN_BLOCK_CAPTURE_AUTORELEASING = YES;
				CLANG_WARN_BOOL_CONVERSION = YES;
				CLANG_WARN_COMMA = YES;
				CLANG_WARN_CONSTANT_CONVERSION = YES;
				CLANG_WARN_DEPRECATED_OBJC_IMPLEMENTATIONS = YES;
				CLANG_WARN_DIRECT_OBJC_ISA_USAGE = YES_ERROR;
				CLANG_WARN_DOCUMENTATION_COMMENTS = YES;
				CLANG_WARN_EMPTY_BODY = YES;
				CLANG_WARN_ENUM_CONVERSION = YES;
				CLANG_WARN_INFINITE_RECURSION = YES;
				CLANG_WARN_INT_CONVERSION = YES;
				CLANG_WARN_NON_LITERAL_NULL_CONVERSION = YES;
				CLANG_WARN_OBJC_IMPLICIT_RETAIN_SELF = YES;
				CLANG_WARN_OBJC_LITERAL_CONVERSION = YES;
				CLANG_WARN_OBJC_ROOT_CLASS = YES_ERROR;
				CLANG_WARN_RANGE_LOOP_ANALYSIS = YES;
				CLANG_WARN_STRICT_PROTOTYPES = YES;
				CLANG_WARN_SUSPICIOUS_MOVE = YES;
				CLANG_WARN_UNGUARDED_AVAILABILITY = YES_AGGRESSIVE;
				CLANG_WARN_UNREACHABLE_CODE = YES;
				CLANG_WARN__DUPLICATE_METHOD_MATCH = YES;
				CODE_SIGN_IDENTITY = "iPhone Developer";
				COPY_PHASE_STRIP = NO;
				DEBUG_INFORMATION_FORMAT = dwarf;
				ENABLE_STRICT_OBJC_MSGSEND = YES;
				ENABLE_TESTABILITY = YES;
				GCC_C_LANGUAGE_STANDARD = gnu11;
				GCC_DYNAMIC_NO_PIC = NO;
				GCC_NO_COMMON_BLOCKS = YES;
				GCC_OPTIMIZATION_LEVEL = 0;
				GCC_PREPROCESSOR_DEFINITIONS = (
					"DEBUG=1",
					"$(inherited)",
				);
				GCC_WARN_64_TO_32_BIT_CONVERSION = YES;
				GCC_WARN_ABOUT_RETURN_TYPE = YES_ERROR;
				GCC_WARN_UNDECLARED_SELECTOR = YES;
				GCC_WARN_UNINITIALIZED_AUTOS = YES_AGGRESSIVE;
				GCC_WARN_UNUSED_FUNCTION = YES;
				GCC_WARN_UNUSED_VARIABLE = YES;
				IPHONEOS_DEPLOYMENT_TARGET = 11.4;
				MTL_ENABLE_DEBUG_INFO = YES;
				ONLY_ACTIVE_ARCH = YES;
				SDKROOT = iphoneos;
				SWIFT_ACTIVE_COMPILATION_CONDITIONS = DEBUG;
				SWIFT_OPTIMIZATION_LEVEL = "-Onone";
			};
			name = Debug;
		};
		3D2C7DE628B7BB3B00059D3D /* Release */ = {
			isa = XCBuildConfiguration;
			buildSettings = {
				ALWAYS_SEARCH_USER_PATHS = NO;
				CLANG_ANALYZER_NONNULL = YES;
				CLANG_ANALYZER_NUMBER_OBJECT_CONVERSION = YES_AGGRESSIVE;
				CLANG_CXX_LANGUAGE_STANDARD = "gnu++14";
				CLANG_CXX_LIBRARY = "libc++";
				CLANG_ENABLE_MODULES = YES;
				CLANG_ENABLE_OBJC_ARC = YES;
				CLANG_ENABLE_OBJC_WEAK = YES;
				CLANG_WARN_BLOCK_CAPTURE_AUTORELEASING = YES;
				CLANG_WARN_BOOL_CONVERSION = YES;
				CLANG_WARN_COMMA = YES;
				CLANG_WARN_CONSTANT_CONVERSION = YES;
				CLANG_WARN_DEPRECATED_OBJC_IMPLEMENTATIONS = YES;
				CLANG_WARN_DIRECT_OBJC_ISA_USAGE = YES_ERROR;
				CLANG_WARN_DOCUMENTATION_COMMENTS = YES;
				CLANG_WARN_EMPTY_BODY = YES;
				CLANG_WARN_ENUM_CONVERSION = YES;
				CLANG_WARN_INFINITE_RECURSION = YES;
				CLANG_WARN_INT_CONVERSION = YES;
				CLANG_WARN_NON_LITERAL_NULL_CONVERSION = YES;
				CLANG_WARN_OBJC_IMPLICIT_RETAIN_SELF = YES;
				CLANG_WARN_OBJC_LITERAL_CONVERSION = YES;
				CLANG_WARN_OBJC_ROOT_CLASS = YES_ERROR;
				CLANG_WARN_RANGE_LOOP_ANALYSIS = YES;
				CLANG_WARN_STRICT_PROTOTYPES = YES;
				CLANG_WARN_SUSPICIOUS_MOVE = YES;
				CLANG_WARN_UNGUARDED_AVAILABILITY = YES_AGGRESSIVE;
				CLANG_WARN_UNREACHABLE_CODE = YES;
				CLANG_WARN__DUPLICATE_METHOD_MATCH = YES;
				CODE_SIGN_IDENTITY = "iPhone Developer";
				COPY_PHASE_STRIP = NO;
				DEBUG_INFORMATION_FORMAT = "dwarf-with-dsym";
				ENABLE_NS_ASSERTIONS = NO;
				ENABLE_STRICT_OBJC_MSGSEND = YES;
				GCC_C_LANGUAGE_STANDARD = gnu11;
				GCC_NO_COMMON_BLOCKS = YES;
				GCC_WARN_64_TO_32_BIT_CONVERSION = YES;
				GCC_WARN_ABOUT_RETURN_TYPE = YES_ERROR;
				GCC_WARN_UNDECLARED_SELECTOR = YES;
				GCC_WARN_UNINITIALIZED_AUTOS = YES_AGGRESSIVE;
				GCC_WARN_UNUSED_FUNCTION = YES;
				GCC_WARN_UNUSED_VARIABLE = YES;
				IPHONEOS_DEPLOYMENT_TARGET = 11.4;
				MTL_ENABLE_DEBUG_INFO = NO;
				SDKROOT = iphoneos;
				SWIFT_COMPILATION_MODE = wholemodule;
				SWIFT_OPTIMIZATION_LEVEL = "-O";
				VALIDATE_PRODUCT = YES;
			};
			name = Release;
		};
		3D2C7DE828B7BB3B00059D3D /* Debug */ = {
			isa = XCBuildConfiguration;
			buildSettings = {
				ASSETCATALOG_COMPILER_APPICON_NAME = AppIcon;
				CODE_SIGN_STYLE = Automatic;
				INFOPLIST_FILE = "adaptaciones-pantalla/Info.plist";
				LD_RUNPATH_SEARCH_PATHS = (
					"$(inherited)",
					"@executable_path/Frameworks",
				);
				PRODUCT_BUNDLE_IDENTIFIER = "edu.ulsa.adaptaciones-pantalla";
				PRODUCT_NAME = "$(TARGET_NAME)";
				SWIFT_VERSION = 4.0;
				TARGETED_DEVICE_FAMILY = "1,2";
			};
			name = Debug;
		};
		3D2C7DE928B7BB3B00059D3D /* Release */ = {
			isa = XCBuildConfiguration;
			buildSettings = {
				ASSETCATALOG_COMPILER_APPICON_NAME = AppIcon;
				CODE_SIGN_STYLE = Automatic;
				INFOPLIST_FILE = "adaptaciones-pantalla/Info.plist";
				LD_RUNPATH_SEARCH_PATHS = (
					"$(inherited)",
					"@executable_path/Frameworks",
				);
				PRODUCT_BUNDLE_IDENTIFIER = "edu.ulsa.adaptaciones-pantalla";
				PRODUCT_NAME = "$(TARGET_NAME)";
				SWIFT_VERSION = 4.0;
				TARGETED_DEVICE_FAMILY = "1,2";
			};
			name = Release;
		};
/* End XCBuildConfiguration section */

/* Begin XCConfigurationList section */
		3D2C7DD028B7BB3300059D3D /* Build configuration list for PBXProject "adaptaciones-pantalla" */ = {
			isa = XCConfigurationList;
			buildConfigurations = (
				3D2C7DE528B7BB3B00059D3D /* Debug */,
				3D2C7DE628B7BB3B00059D3D /* Release */,
			);
			defaultConfigurationIsVisible = 0;
			defaultConfigurationName = Release;
		};
		3D2C7DE728B7BB3B00059D3D /* Build configuration list for PBXNativeTarget "adaptaciones-pantalla" */ = {
			isa = XCConfigurationList;
			buildConfigurations = (
				3D2C7DE828B7BB3B00059D3D /* Debug */,
				3D2C7DE928B7BB3B00059D3D /* Release */,
			);
			defaultConfigurationIsVisible = 0;
			defaultConfigurationName = Release;
		};
/* End XCConfigurationList section */
	};
	rootObject = 3D2C7DCD28B7BB3300059D3D /* Project object */;
}
